
Microsoft Visual Studio Solution File, Format Version 12.00
# Visual Studio Version 17
VisualStudioVersion = 17.9.34714.143
MinimumVisualStudioVersion = 10.0.40219.1
Project("{FAE04EC0-301F-11D3-BF4B-00C04F79EFBC}") = "5", "5.csproj", "{0F74A2BF-9893-444A-9FE6-ABC71833912E}"
EndProject
Global
	GlobalSection(SolutionConfigurationPlatforms) = preSolution
		Debug|Any CPU = Debug|Any CPU
		Release|Any CPU = Release|Any CPU
	EndGlobalSection
	GlobalSection(ProjectConfigurationPlatforms) = postSolution
		{0F74A2BF-9893-444A-9FE6-ABC71833912E}.Debug|Any CPU.ActiveCfg = Debug|Any CPU
		{0F74A2BF-9893-444A-9FE6-ABC71833912E}.Debug|Any CPU.Build.0 = Debug|Any CPU
		{0F74A2BF-9893-444A-9FE6-ABC71833912E}.Release|Any CPU.ActiveCfg = Release|Any CPU
		{0F74A2BF-9893-444A-9FE6-ABC71833912E}.Release|Any CPU.Build.0 = Release|Any CPU
	EndGlobalSection
	GlobalSection(SolutionProperties) = preSolution
		HideSolutionNode = FALSE
	EndGlobalSection
	GlobalSection(ExtensibilityGlobals) = postSolution
		SolutionGuid = {D4D1653C-5A55-4972-9C3C-10267D1F8BE2}
	EndGlobalSection
EndGlobal
